
Microsoft Visual Studio Solution File, Format Version 12.00
# Visual Studio Version 17
VisualStudioVersion = 17.5.002.0
MinimumVisualStudioVersion = 10.0.40219.1
Project("{9A19103F-16F7-4668-BE54-9A1E7A4F7556}") = "FootballMatchReports", "FootballMatchReports.csproj", "{A0753217-D6A3-4410-8668-DC00CE1D7A03}"
EndProject
Global
	GlobalSection(SolutionConfigurationPlatforms) = preSolution
		Debug|Any CPU = Debug|Any CPU
		Release|Any CPU = Release|Any CPU
	EndGlobalSection
	GlobalSection(ProjectConfigurationPlatforms) = postSolution
		{A0753217-D6A3-4410-8668-DC00CE1D7A03}.Debug|Any CPU.ActiveCfg = Debug|Any CPU
		{A0753217-D6A3-4410-8668-DC00CE1D7A03}.Debug|Any CPU.Build.0 = Debug|Any CPU
		{A0753217-D6A3-4410-8668-DC00CE1D7A03}.Release|Any CPU.ActiveCfg = Release|Any CPU
		{A0753217-D6A3-4410-8668-DC00CE1D7A03}.Release|Any CPU.Build.0 = Release|Any CPU
	EndGlobalSection
	GlobalSection(SolutionProperties) = preSolution
		HideSolutionNode = FALSE
	EndGlobalSection
	GlobalSection(ExtensibilityGlobals) = postSolution
		SolutionGuid = {4AFFE240-38D4-4B20-9862-F57E845B745C}
	EndGlobalSection
EndGlobal
