
Microsoft Visual Studio Solution File, Format Version 12.00
# Visual Studio Version 17
VisualStudioVersion = 17.5.002.0
MinimumVisualStudioVersion = 10.0.40219.1
Project("{9A19103F-16F7-4668-BE54-9A1E7A4F7556}") = "NeedForSpeed", "NeedForSpeed.csproj", "{25A7ED9F-DDF6-4C00-8DB3-3E2A82B2CCA5}"
EndProject
Global
	GlobalSection(SolutionConfigurationPlatforms) = preSolution
		Debug|Any CPU = Debug|Any CPU
		Release|Any CPU = Release|Any CPU
	EndGlobalSection
	GlobalSection(ProjectConfigurationPlatforms) = postSolution
		{25A7ED9F-DDF6-4C00-8DB3-3E2A82B2CCA5}.Debug|Any CPU.ActiveCfg = Debug|Any CPU
		{25A7ED9F-DDF6-4C00-8DB3-3E2A82B2CCA5}.Debug|Any CPU.Build.0 = Debug|Any CPU
		{25A7ED9F-DDF6-4C00-8DB3-3E2A82B2CCA5}.Release|Any CPU.ActiveCfg = Release|Any CPU
		{25A7ED9F-DDF6-4C00-8DB3-3E2A82B2CCA5}.Release|Any CPU.Build.0 = Release|Any CPU
	EndGlobalSection
	GlobalSection(SolutionProperties) = preSolution
		HideSolutionNode = FALSE
	EndGlobalSection
	GlobalSection(ExtensibilityGlobals) = postSolution
		SolutionGuid = {B6EA5396-8042-4B7A-BACC-32B5C6C48054}
	EndGlobalSection
EndGlobal
